
Microsoft Visual Studio Solution File, Format Version 12.00
# Visual Studio Version 16
VisualStudioVersion = 16.0.31220.234
MinimumVisualStudioVersion = 10.0.40219.1
Project("{FAE04EC0-301F-11D3-BF4B-00C04F79EFBC}") = "A125_WinFormsApp", "A125_WinFormsApp\A125_WinFormsApp.csproj", "{1041EC25-7E6A-48A3-A6F7-5CE61F545F02}"
EndProject
Global
	GlobalSection(SolutionConfigurationPlatforms) = preSolution
		Debug|Any CPU = Debug|Any CPU
		Release|Any CPU = Release|Any CPU
	EndGlobalSection
	GlobalSection(ProjectConfigurationPlatforms) = postSolution
		{1041EC25-7E6A-48A3-A6F7-5CE61F545F02}.Debug|Any CPU.ActiveCfg = Debug|Any CPU
		{1041EC25-7E6A-48A3-A6F7-5CE61F545F02}.Debug|Any CPU.Build.0 = Debug|Any CPU
		{1041EC25-7E6A-48A3-A6F7-5CE61F545F02}.Release|Any CPU.ActiveCfg = Release|Any CPU
		{1041EC25-7E6A-48A3-A6F7-5CE61F545F02}.Release|Any CPU.Build.0 = Release|Any CPU
	EndGlobalSection
	GlobalSection(SolutionProperties) = preSolution
		HideSolutionNode = FALSE
	EndGlobalSection
	GlobalSection(ExtensibilityGlobals) = postSolution
		SolutionGuid = {C9781FAD-1FD3-45CE-9F26-A47E0795CE6C}
	EndGlobalSection
EndGlobal
